
Microsoft Visual Studio Solution File, Format Version 12.00
# Visual Studio Version 16
VisualStudioVersion = 16.0.31613.86
MinimumVisualStudioVersion = 10.0.40219.1
Project("{FAE04EC0-301F-11D3-BF4B-00C04F79EFBC}") = "TestApi", "TestApi.csproj", "{92621224-D1A5-4816-9E46-5AC93EEF6D56}"
EndProject
Project("{FAE04EC0-301F-11D3-BF4B-00C04F79EFBC}") = "DataModel", "..\DataModel\DataModel.csproj", "{173D785B-A901-4419-BEEB-43E8627D712B}"
EndProject
Project("{FAE04EC0-301F-11D3-BF4B-00C04F79EFBC}") = "Interface", "..\Interface\Interface.csproj", "{93EA5FDC-6530-4093-BC10-4E70626AEC1B}"
EndProject
Project("{FAE04EC0-301F-11D3-BF4B-00C04F79EFBC}") = "Service", "..\Service\Service.csproj", "{F9E80D59-F86C-4FA5-84A0-3FBC49AEA740}"
EndProject
Project("{FAE04EC0-301F-11D3-BF4B-00C04F79EFBC}") = "Core", "..\Core\Core.csproj", "{FC5051A9-6866-4AEC-9AAB-5EB9ED01C5CC}"
EndProject
Global
	GlobalSection(SolutionConfigurationPlatforms) = preSolution
		Debug|Any CPU = Debug|Any CPU
		Release|Any CPU = Release|Any CPU
	EndGlobalSection
	GlobalSection(ProjectConfigurationPlatforms) = postSolution
		{92621224-D1A5-4816-9E46-5AC93EEF6D56}.Debug|Any CPU.ActiveCfg = Debug|Any CPU
		{92621224-D1A5-4816-9E46-5AC93EEF6D56}.Debug|Any CPU.Build.0 = Debug|Any CPU
		{92621224-D1A5-4816-9E46-5AC93EEF6D56}.Release|Any CPU.ActiveCfg = Release|Any CPU
		{92621224-D1A5-4816-9E46-5AC93EEF6D56}.Release|Any CPU.Build.0 = Release|Any CPU
		{173D785B-A901-4419-BEEB-43E8627D712B}.Debug|Any CPU.ActiveCfg = Debug|Any CPU
		{173D785B-A901-4419-BEEB-43E8627D712B}.Debug|Any CPU.Build.0 = Debug|Any CPU
		{173D785B-A901-4419-BEEB-43E8627D712B}.Release|Any CPU.ActiveCfg = Release|Any CPU
		{173D785B-A901-4419-BEEB-43E8627D712B}.Release|Any CPU.Build.0 = Release|Any CPU
		{93EA5FDC-6530-4093-BC10-4E70626AEC1B}.Debug|Any CPU.ActiveCfg = Debug|Any CPU
		{93EA5FDC-6530-4093-BC10-4E70626AEC1B}.Debug|Any CPU.Build.0 = Debug|Any CPU
		{93EA5FDC-6530-4093-BC10-4E70626AEC1B}.Release|Any CPU.ActiveCfg = Release|Any CPU
		{93EA5FDC-6530-4093-BC10-4E70626AEC1B}.Release|Any CPU.Build.0 = Release|Any CPU
		{F9E80D59-F86C-4FA5-84A0-3FBC49AEA740}.Debug|Any CPU.ActiveCfg = Debug|Any CPU
		{F9E80D59-F86C-4FA5-84A0-3FBC49AEA740}.Debug|Any CPU.Build.0 = Debug|Any CPU
		{F9E80D59-F86C-4FA5-84A0-3FBC49AEA740}.Release|Any CPU.ActiveCfg = Release|Any CPU
		{F9E80D59-F86C-4FA5-84A0-3FBC49AEA740}.Release|Any CPU.Build.0 = Release|Any CPU
		{FC5051A9-6866-4AEC-9AAB-5EB9ED01C5CC}.Debug|Any CPU.ActiveCfg = Debug|Any CPU
		{FC5051A9-6866-4AEC-9AAB-5EB9ED01C5CC}.Debug|Any CPU.Build.0 = Debug|Any CPU
		{FC5051A9-6866-4AEC-9AAB-5EB9ED01C5CC}.Release|Any CPU.ActiveCfg = Release|Any CPU
		{FC5051A9-6866-4AEC-9AAB-5EB9ED01C5CC}.Release|Any CPU.Build.0 = Release|Any CPU
	EndGlobalSection
	GlobalSection(SolutionProperties) = preSolution
		HideSolutionNode = FALSE
	EndGlobalSection
	GlobalSection(ExtensibilityGlobals) = postSolution
		SolutionGuid = {2B1ED048-6A05-45DC-81AA-4B57B3BFF1A7}
	EndGlobalSection
EndGlobal
